
Microsoft Visual Studio Solution File, Format Version 12.00
# Visual Studio Version 16
VisualStudioVersion = 16.0.30114.105
MinimumVisualStudioVersion = 10.0.40219.1
Project("{FAE04EC0-301F-11D3-BF4B-00C04F79EFBC}") = "Api", "Api\Api.csproj", "{5962B1CF-2862-4142-9099-B5DD4431292C}"
EndProject
Project("{FAE04EC0-301F-11D3-BF4B-00C04F79EFBC}") = "Contracts", "Contracts\Contracts.csproj", "{646A4C1B-30AB-48ED-AF73-FFD3E3E03050}"
EndProject
Global
	GlobalSection(SolutionConfigurationPlatforms) = preSolution
		Debug|Any CPU = Debug|Any CPU
		Release|Any CPU = Release|Any CPU
	EndGlobalSection
	GlobalSection(SolutionProperties) = preSolution
		HideSolutionNode = FALSE
	EndGlobalSection
	GlobalSection(ProjectConfigurationPlatforms) = postSolution
		{5962B1CF-2862-4142-9099-B5DD4431292C}.Debug|Any CPU.ActiveCfg = Debug|Any CPU
		{5962B1CF-2862-4142-9099-B5DD4431292C}.Debug|Any CPU.Build.0 = Debug|Any CPU
		{5962B1CF-2862-4142-9099-B5DD4431292C}.Release|Any CPU.ActiveCfg = Release|Any CPU
		{5962B1CF-2862-4142-9099-B5DD4431292C}.Release|Any CPU.Build.0 = Release|Any CPU
		{646A4C1B-30AB-48ED-AF73-FFD3E3E03050}.Debug|Any CPU.ActiveCfg = Debug|Any CPU
		{646A4C1B-30AB-48ED-AF73-FFD3E3E03050}.Debug|Any CPU.Build.0 = Debug|Any CPU
		{646A4C1B-30AB-48ED-AF73-FFD3E3E03050}.Release|Any CPU.ActiveCfg = Release|Any CPU
		{646A4C1B-30AB-48ED-AF73-FFD3E3E03050}.Release|Any CPU.Build.0 = Release|Any CPU
	EndGlobalSection
EndGlobal
